
Microsoft Visual Studio Solution File, Format Version 12.00
# Visual Studio Version 17
VisualStudioVersion = 17.14.36623.8 d17.14
MinimumVisualStudioVersion = 10.0.40219.1
Project("{FAE04EC0-301F-11D3-BF4B-00C04F79EFBC}") = "PartyClap", "PartyClap\PartyClap.csproj", "{2E94C6C4-CF49-4CCC-B0BC-283E0D07EA4D}"
EndProject
Global
	GlobalSection(SolutionConfigurationPlatforms) = preSolution
		Debug|Any CPU = Debug|Any CPU
		Release|Any CPU = Release|Any CPU
	EndGlobalSection
	GlobalSection(ProjectConfigurationPlatforms) = postSolution
		{2E94C6C4-CF49-4CCC-B0BC-283E0D07EA4D}.Debug|Any CPU.ActiveCfg = Debug|Any CPU
		{2E94C6C4-CF49-4CCC-B0BC-283E0D07EA4D}.Debug|Any CPU.Build.0 = Debug|Any CPU
		{2E94C6C4-CF49-4CCC-B0BC-283E0D07EA4D}.Release|Any CPU.ActiveCfg = Release|Any CPU
		{2E94C6C4-CF49-4CCC-B0BC-283E0D07EA4D}.Release|Any CPU.Build.0 = Release|Any CPU
	EndGlobalSection
	GlobalSection(SolutionProperties) = preSolution
		HideSolutionNode = FALSE
	EndGlobalSection
	GlobalSection(ExtensibilityGlobals) = postSolution
		SolutionGuid = {1D91F342-1C15-477C-A74A-E4F63FAD0012}
	EndGlobalSection
EndGlobal
