
Microsoft Visual Studio Solution File, Format Version 12.00
# Visual Studio Version 17
VisualStudioVersion = 17.14.36623.8
MinimumVisualStudioVersion = 10.0.40219.1
Project("{FAE04EC0-301F-11D3-BF4B-00C04F79EFBC}") = "PartyClap", "PartyClap\PartyClap.csproj", "{2E94C6C4-CF49-4CCC-B0BC-283E0D07EA4D}"
EndProject
Project("{FAE04EC0-301F-11D3-BF4B-00C04F79EFBC}") = "BenchmarkSuite1", "BenchmarkSuite1\BenchmarkSuite1.csproj", "{A20861A9-411E-6150-BF5C-69E8196E5D22}"
EndProject
Project("{FAE04EC0-301F-11D3-BF4B-00C04F79EFBC}") = "PartyClap.Tests", "PartyClap.Tests\PartyClap.Tests.csproj", "{A0EB08C8-9128-4AC8-A0EF-F7BFDB2F523C}"
EndProject
Global
	GlobalSection(SolutionConfigurationPlatforms) = preSolution
		Debug|Any CPU = Debug|Any CPU
		Debug|x64 = Debug|x64
		Debug|x86 = Debug|x86
		Release|Any CPU = Release|Any CPU
		Release|x64 = Release|x64
		Release|x86 = Release|x86
	EndGlobalSection
	GlobalSection(ProjectConfigurationPlatforms) = postSolution
		{2E94C6C4-CF49-4CCC-B0BC-283E0D07EA4D}.Debug|Any CPU.ActiveCfg = Debug|Any CPU
		{2E94C6C4-CF49-4CCC-B0BC-283E0D07EA4D}.Debug|Any CPU.Build.0 = Debug|Any CPU
		{2E94C6C4-CF49-4CCC-B0BC-283E0D07EA4D}.Debug|x64.ActiveCfg = Debug|Any CPU
		{2E94C6C4-CF49-4CCC-B0BC-283E0D07EA4D}.Debug|x64.Build.0 = Debug|Any CPU
		{2E94C6C4-CF49-4CCC-B0BC-283E0D07EA4D}.Debug|x86.ActiveCfg = Debug|Any CPU
		{2E94C6C4-CF49-4CCC-B0BC-283E0D07EA4D}.Debug|x86.Build.0 = Debug|Any CPU
		{2E94C6C4-CF49-4CCC-B0BC-283E0D07EA4D}.Release|Any CPU.ActiveCfg = Release|Any CPU
		{2E94C6C4-CF49-4CCC-B0BC-283E0D07EA4D}.Release|Any CPU.Build.0 = Release|Any CPU
		{2E94C6C4-CF49-4CCC-B0BC-283E0D07EA4D}.Release|x64.ActiveCfg = Release|Any CPU
		{2E94C6C4-CF49-4CCC-B0BC-283E0D07EA4D}.Release|x64.Build.0 = Release|Any CPU
		{2E94C6C4-CF49-4CCC-B0BC-283E0D07EA4D}.Release|x86.ActiveCfg = Release|Any CPU
		{2E94C6C4-CF49-4CCC-B0BC-283E0D07EA4D}.Release|x86.Build.0 = Release|Any CPU
		{A20861A9-411E-6150-BF5C-69E8196E5D22}.Debug|Any CPU.ActiveCfg = Debug|Any CPU
		{A20861A9-411E-6150-BF5C-69E8196E5D22}.Debug|Any CPU.Build.0 = Debug|Any CPU
		{A20861A9-411E-6150-BF5C-69E8196E5D22}.Debug|x64.ActiveCfg = Debug|Any CPU
		{A20861A9-411E-6150-BF5C-69E8196E5D22}.Debug|x64.Build.0 = Debug|Any CPU
		{A20861A9-411E-6150-BF5C-69E8196E5D22}.Debug|x86.ActiveCfg = Debug|Any CPU
		{A20861A9-411E-6150-BF5C-69E8196E5D22}.Debug|x86.Build.0 = Debug|Any CPU
		{A20861A9-411E-6150-BF5C-69E8196E5D22}.Release|Any CPU.ActiveCfg = Release|Any CPU
		{A20861A9-411E-6150-BF5C-69E8196E5D22}.Release|Any CPU.Build.0 = Release|Any CPU
		{A20861A9-411E-6150-BF5C-69E8196E5D22}.Release|x64.ActiveCfg = Release|Any CPU
		{A20861A9-411E-6150-BF5C-69E8196E5D22}.Release|x64.Build.0 = Release|Any CPU
		{A20861A9-411E-6150-BF5C-69E8196E5D22}.Release|x86.ActiveCfg = Release|Any CPU
		{A20861A9-411E-6150-BF5C-69E8196E5D22}.Release|x86.Build.0 = Release|Any CPU
		{A0EB08C8-9128-4AC8-A0EF-F7BFDB2F523C}.Debug|Any CPU.ActiveCfg = Debug|Any CPU
		{A0EB08C8-9128-4AC8-A0EF-F7BFDB2F523C}.Debug|Any CPU.Build.0 = Debug|Any CPU
		{A0EB08C8-9128-4AC8-A0EF-F7BFDB2F523C}.Debug|x64.ActiveCfg = Debug|Any CPU
		{A0EB08C8-9128-4AC8-A0EF-F7BFDB2F523C}.Debug|x64.Build.0 = Debug|Any CPU
		{A0EB08C8-9128-4AC8-A0EF-F7BFDB2F523C}.Debug|x86.ActiveCfg = Debug|Any CPU
		{A0EB08C8-9128-4AC8-A0EF-F7BFDB2F523C}.Debug|x86.Build.0 = Debug|Any CPU
		{A0EB08C8-9128-4AC8-A0EF-F7BFDB2F523C}.Release|Any CPU.ActiveCfg = Release|Any CPU
		{A0EB08C8-9128-4AC8-A0EF-F7BFDB2F523C}.Release|Any CPU.Build.0 = Release|Any CPU
		{A0EB08C8-9128-4AC8-A0EF-F7BFDB2F523C}.Release|x64.ActiveCfg = Release|Any CPU
		{A0EB08C8-9128-4AC8-A0EF-F7BFDB2F523C}.Release|x64.Build.0 = Release|Any CPU
		{A0EB08C8-9128-4AC8-A0EF-F7BFDB2F523C}.Release|x86.ActiveCfg = Release|Any CPU
		{A0EB08C8-9128-4AC8-A0EF-F7BFDB2F523C}.Release|x86.Build.0 = Release|Any CPU
	EndGlobalSection
	GlobalSection(SolutionProperties) = preSolution
		HideSolutionNode = FALSE
	EndGlobalSection
	GlobalSection(ExtensibilityGlobals) = postSolution
		SolutionGuid = {1D91F342-1C15-477C-A74A-E4F63FAD0012}
	EndGlobalSection
EndGlobal
